// !$*UTF8*$!
{
	archiveVersion = 1;
	classes = {
	};
	objectVersion = 55;
	objects = {

/* Begin PBXBuildFile section */
		051A18DB27BBC7C50040C82A /* nameSensitive.swift in Sources */ = {isa = PBXBuildFile; fileRef = 051A18DA27BBC7C50040C82A /* nameSensitive.swift */; };
		051A18DD27BFA7D50040C82A /* DetailClinicView.swift in Sources */ = {isa = PBXBuildFile; fileRef = 051A18DC27BFA7D50040C82A /* DetailClinicView.swift */; };
		051A18DF27C0FCE80040C82A /* Styles.swift in Sources */ = {isa = PBXBuildFile; fileRef = 051A18DE27C0FCE80040C82A /* Styles.swift */; };
		052273E5280B510500581B62 /* TherapistModel.swift in Sources */ = {isa = PBXBuildFile; fileRef = 052273E4280B510500581B62 /* TherapistModel.swift */; };
		052273E7280B512400581B62 /* MyUserModel.swift in Sources */ = {isa = PBXBuildFile; fileRef = 052273E6280B512400581B62 /* MyUserModel.swift */; };
		052273E9280B514600581B62 /* AppointmentModel.swift in Sources */ = {isa = PBXBuildFile; fileRef = 052273E8280B514600581B62 /* AppointmentModel.swift */; };
		052273EC280B517F00581B62 /* AppointmentVM.swift in Sources */ = {isa = PBXBuildFile; fileRef = 052273EB280B517F00581B62 /* AppointmentVM.swift */; };
		052273EF280B536800581B62 /* TherapistsListVM.swift in Sources */ = {isa = PBXBuildFile; fileRef = 052273EE280B536800581B62 /* TherapistsListVM.swift */; };
		052273F1280B537D00581B62 /* MyUserClientVM.swift in Sources */ = {isa = PBXBuildFile; fileRef = 052273F0280B537D00581B62 /* MyUserClientVM.swift */; };
		052273F3280B53A800581B62 /* MyUserTherapistVM - TherapistApp.swift in Sources */ = {isa = PBXBuildFile; fileRef = 052273F2280B53A800581B62 /* MyUserTherapistVM - TherapistApp.swift */; };
		0561B02D28048DDD001519F9 /* Cryptography funcs.swift in Sources */ = {isa = PBXBuildFile; fileRef = 0561B02C28048DDD001519F9 /* Cryptography funcs.swift */; };
		056DD102280F47CC00075A53 /* ClientCard.swift in Sources */ = {isa = PBXBuildFile; fileRef = 056DD101280F47CC00075A53 /* ClientCard.swift */; };
		057E3ABB27C418EE00D73976 /* Cryptography.swift in Sources */ = {isa = PBXBuildFile; fileRef = 057E3ABA27C418EE00D73976 /* Cryptography.swift */; };
		058DD56527ED1C8C00D47F5C /* DetailView.swift in Sources */ = {isa = PBXBuildFile; fileRef = 058DD56427ED1C8C00D47F5C /* DetailView.swift */; };
		058DD56727EDDF0300D47F5C /* ConfirmAppointmentView.swift in Sources */ = {isa = PBXBuildFile; fileRef = 058DD56627EDDF0300D47F5C /* ConfirmAppointmentView.swift */; };
		05A2335327E6333F00C2887D /* AppView.swift in Sources */ = {isa = PBXBuildFile; fileRef = 05A2335227E6333F00C2887D /* AppView.swift */; };
		05A5A6A027F64CEC002DE91B /* testing.swift in Sources */ = {isa = PBXBuildFile; fileRef = 05A5A69F27F64CEC002DE91B /* testing.swift */; };
		05A5A6A227FA3649002DE91B /* TherapistView.swift in Sources */ = {isa = PBXBuildFile; fileRef = 05A5A6A127FA3649002DE91B /* TherapistView.swift */; };
		05CB425127AD377100B9860D /* Clarity_TherapyApp.swift in Sources */ = {isa = PBXBuildFile; fileRef = 05CB425027AD377100B9860D /* Clarity_TherapyApp.swift */; };
		05CB425327AD377100B9860D /* ClinicView.swift in Sources */ = {isa = PBXBuildFile; fileRef = 05CB425227AD377100B9860D /* ClinicView.swift */; };
		05CB425527AD377200B9860D /* Assets.xcassets in Resources */ = {isa = PBXBuildFile; fileRef = 05CB425427AD377200B9860D /* Assets.xcassets */; };
		05CB425827AD377200B9860D /* Preview Assets.xcassets in Resources */ = {isa = PBXBuildFile; fileRef = 05CB425727AD377200B9860D /* Preview Assets.xcassets */; };
		05CB426227AD377200B9860D /* Clarity_TherapyTests.swift in Sources */ = {isa = PBXBuildFile; fileRef = 05CB426127AD377200B9860D /* Clarity_TherapyTests.swift */; };
		05CB426C27AD377200B9860D /* Clarity_TherapyUITests.swift in Sources */ = {isa = PBXBuildFile; fileRef = 05CB426B27AD377200B9860D /* Clarity_TherapyUITests.swift */; };
		05CB426E27AD377200B9860D /* Clarity_TherapyUITestsLaunchTests.swift in Sources */ = {isa = PBXBuildFile; fileRef = 05CB426D27AD377200B9860D /* Clarity_TherapyUITestsLaunchTests.swift */; };
		05CB427B27AE914600B9860D /* TherapistCardView.swift in Sources */ = {isa = PBXBuildFile; fileRef = 05CB427A27AE914600B9860D /* TherapistCardView.swift */; };
/* End PBXBuildFile section */

/* Begin PBXContainerItemProxy section */
		05CB425E27AD377200B9860D /* PBXContainerItemProxy */ = {
			isa = PBXContainerItemProxy;
			containerPortal = 05CB424527AD377100B9860D /* Project object */;
			proxyType = 1;
			remoteGlobalIDString = 05CB424C27AD377100B9860D;
			remoteInfo = "Clarity Therapy";
		};
		05CB426827AD377200B9860D /* PBXContainerItemProxy */ = {
			isa = PBXContainerItemProxy;
			containerPortal = 05CB424527AD377100B9860D /* Project object */;
			proxyType = 1;
			remoteGlobalIDString = 05CB424C27AD377100B9860D;
			remoteInfo = "Clarity Therapy";
		};
/* End PBXContainerItemProxy section */

/* Begin PBXFileReference section */
		051A18DA27BBC7C50040C82A /* nameSensitive.swift */ = {isa = PBXFileReference; lastKnownFileType = sourcecode.swift; path = nameSensitive.swift; sourceTree = "<group>"; };
		051A18DC27BFA7D50040C82A /* DetailClinicView.swift */ = {isa = PBXFileReference; lastKnownFileType = sourcecode.swift; path = DetailClinicView.swift; sourceTree = "<group>"; };
		051A18DE27C0FCE80040C82A /* Styles.swift */ = {isa = PBXFileReference; lastKnownFileType = sourcecode.swift; path = Styles.swift; sourceTree = "<group>"; };
		052273E4280B510500581B62 /* TherapistModel.swift */ = {isa = PBXFileReference; lastKnownFileType = sourcecode.swift; path = TherapistModel.swift; sourceTree = "<group>"; };
		052273E6280B512400581B62 /* MyUserModel.swift */ = {isa = PBXFileReference; lastKnownFileType = sourcecode.swift; path = MyUserModel.swift; sourceTree = "<group>"; };
		052273E8280B514600581B62 /* AppointmentModel.swift */ = {isa = PBXFileReference; lastKnownFileType = sourcecode.swift; path = AppointmentModel.swift; sourceTree = "<group>"; };
		052273EB280B517F00581B62 /* AppointmentVM.swift */ = {isa = PBXFileReference; lastKnownFileType = sourcecode.swift; path = AppointmentVM.swift; sourceTree = "<group>"; };
		052273EE280B536800581B62 /* TherapistsListVM.swift */ = {isa = PBXFileReference; lastKnownFileType = sourcecode.swift; path = TherapistsListVM.swift; sourceTree = "<group>"; };
		052273F0280B537D00581B62 /* MyUserClientVM.swift */ = {isa = PBXFileReference; lastKnownFileType = sourcecode.swift; path = MyUserClientVM.swift; sourceTree = "<group>"; };
		052273F2280B53A800581B62 /* MyUserTherapistVM - TherapistApp.swift */ = {isa = PBXFileReference; lastKnownFileType = sourcecode.swift; path = "MyUserTherapistVM - TherapistApp.swift"; sourceTree = "<group>"; };
		0561B02C28048DDD001519F9 /* Cryptography funcs.swift */ = {isa = PBXFileReference; lastKnownFileType = sourcecode.swift; path = "Cryptography funcs.swift"; sourceTree = "<group>"; };
		056DD101280F47CC00075A53 /* ClientCard.swift */ = {isa = PBXFileReference; lastKnownFileType = sourcecode.swift; path = ClientCard.swift; sourceTree = "<group>"; };
		057E3ABA27C418EE00D73976 /* Cryptography.swift */ = {isa = PBXFileReference; lastKnownFileType = sourcecode.swift; path = Cryptography.swift; sourceTree = "<group>"; };
		058DD56427ED1C8C00D47F5C /* DetailView.swift */ = {isa = PBXFileReference; lastKnownFileType = sourcecode.swift; path = DetailView.swift; sourceTree = "<group>"; };
		058DD56627EDDF0300D47F5C /* ConfirmAppointmentView.swift */ = {isa = PBXFileReference; lastKnownFileType = sourcecode.swift; path = ConfirmAppointmentView.swift; sourceTree = "<group>"; };
		05A2335227E6333F00C2887D /* AppView.swift */ = {isa = PBXFileReference; lastKnownFileType = sourcecode.swift; path = AppView.swift; sourceTree = "<group>"; };
		05A5A69F27F64CEC002DE91B /* testing.swift */ = {isa = PBXFileReference; lastKnownFileType = sourcecode.swift; path = testing.swift; sourceTree = "<group>"; };
		05A5A6A127FA3649002DE91B /* TherapistView.swift */ = {isa = PBXFileReference; lastKnownFileType = sourcecode.swift; path = TherapistView.swift; sourceTree = "<group>"; };
		05CB424D27AD377100B9860D /* Clarity Therapy.app */ = {isa = PBXFileReference; explicitFileType = wrapper.application; includeInIndex = 0; path = "Clarity Therapy.app"; sourceTree = BUILT_PRODUCTS_DIR; };
		05CB425027AD377100B9860D /* Clarity_TherapyApp.swift */ = {isa = PBXFileReference; lastKnownFileType = sourcecode.swift; path = Clarity_TherapyApp.swift; sourceTree = "<group>"; };
		05CB425227AD377100B9860D /* ClinicView.swift */ = {isa = PBXFileReference; lastKnownFileType = sourcecode.swift; path = ClinicView.swift; sourceTree = "<group>"; };
		05CB425427AD377200B9860D /* Assets.xcassets */ = {isa = PBXFileReference; lastKnownFileType = folder.assetcatalog; path = Assets.xcassets; sourceTree = "<group>"; };
		05CB425727AD377200B9860D /* Preview Assets.xcassets */ = {isa = PBXFileReference; lastKnownFileType = folder.assetcatalog; path = "Preview Assets.xcassets"; sourceTree = "<group>"; };
		05CB425D27AD377200B9860D /* Clarity TherapyTests.xctest */ = {isa = PBXFileReference; explicitFileType = wrapper.cfbundle; includeInIndex = 0; path = "Clarity TherapyTests.xctest"; sourceTree = BUILT_PRODUCTS_DIR; };
		05CB426127AD377200B9860D /* Clarity_TherapyTests.swift */ = {isa = PBXFileReference; lastKnownFileType = sourcecode.swift; path = Clarity_TherapyTests.swift; sourceTree = "<group>"; };
		05CB426727AD377200B9860D /* Clarity TherapyUITests.xctest */ = {isa = PBXFileReference; explicitFileType = wrapper.cfbundle; includeInIndex = 0; path = "Clarity TherapyUITests.xctest"; sourceTree = BUILT_PRODUCTS_DIR; };
		05CB426B27AD377200B9860D /* Clarity_TherapyUITests.swift */ = {isa = PBXFileReference; lastKnownFileType = sourcecode.swift; path = Clarity_TherapyUITests.swift; sourceTree = "<group>"; };
		05CB426D27AD377200B9860D /* Clarity_TherapyUITestsLaunchTests.swift */ = {isa = PBXFileReference; lastKnownFileType = sourcecode.swift; path = Clarity_TherapyUITestsLaunchTests.swift; sourceTree = "<group>"; };
		05CB427A27AE914600B9860D /* TherapistCardView.swift */ = {isa = PBXFileReference; lastKnownFileType = sourcecode.swift; path = TherapistCardView.swift; sourceTree = "<group>"; };
/* End PBXFileReference section */

/* Begin PBXFrameworksBuildPhase section */
		05CB424A27AD377100B9860D /* Frameworks */ = {
			isa = PBXFrameworksBuildPhase;
			buildActionMask = 2147483647;
			files = (
			);
			runOnlyForDeploymentPostprocessing = 0;
		};
		05CB425A27AD377200B9860D /* Frameworks */ = {
			isa = PBXFrameworksBuildPhase;
			buildActionMask = 2147483647;
			files = (
			);
			runOnlyForDeploymentPostprocessing = 0;
		};
		05CB426427AD377200B9860D /* Frameworks */ = {
			isa = PBXFrameworksBuildPhase;
			buildActionMask = 2147483647;
			files = (
			);
			runOnlyForDeploymentPostprocessing = 0;
		};
/* End PBXFrameworksBuildPhase section */

/* Begin PBXGroup section */
		052273EA280B516800581B62 /* Models */ = {
			isa = PBXGroup;
			children = (
				052273E8280B514600581B62 /* AppointmentModel.swift */,
				052273E4280B510500581B62 /* TherapistModel.swift */,
				052273E6280B512400581B62 /* MyUserModel.swift */,
			);
			path = Models;
			sourceTree = "<group>";
		};
		052273ED280B518700581B62 /* ViewModel */ = {
			isa = PBXGroup;
			children = (
				052273EB280B517F00581B62 /* AppointmentVM.swift */,
				052273EE280B536800581B62 /* TherapistsListVM.swift */,
				052273F0280B537D00581B62 /* MyUserClientVM.swift */,
				052273F2280B53A800581B62 /* MyUserTherapistVM - TherapistApp.swift */,
			);
			path = ViewModel;
			sourceTree = "<group>";
		};
		056DD100280F46F200075A53 /* TherapistApp */ = {
			isa = PBXGroup;
			children = (
				05A5A6A127FA3649002DE91B /* TherapistView.swift */,
				056DD101280F47CC00075A53 /* ClientCard.swift */,
			);
			path = TherapistApp;
			sourceTree = "<group>";
		};
		058DD56827EDE72600D47F5C /* Book Group */ = {
			isa = PBXGroup;
			children = (
				05CB425227AD377100B9860D /* ClinicView.swift */,
				058DD56427ED1C8C00D47F5C /* DetailView.swift */,
				058DD56627EDDF0300D47F5C /* ConfirmAppointmentView.swift */,
				05CB427A27AE914600B9860D /* TherapistCardView.swift */,
				05A5A69F27F64CEC002DE91B /* testing.swift */,
			);
			path = "Book Group";
			sourceTree = "<group>";
		};
		058DD56927EDE76700D47F5C /* Crypto */ = {
			isa = PBXGroup;
			children = (
				051A18DC27BFA7D50040C82A /* DetailClinicView.swift */,
				057E3ABA27C418EE00D73976 /* Cryptography.swift */,
				051A18DA27BBC7C50040C82A /* nameSensitive.swift */,
			);
			path = Crypto;
			sourceTree = "<group>";
		};
		05CB424427AD377100B9860D = {
			isa = PBXGroup;
			children = (
				05CB424F27AD377100B9860D /* Clarity Therapy */,
				05CB426027AD377200B9860D /* Clarity TherapyTests */,
				05CB426A27AD377200B9860D /* Clarity TherapyUITests */,
				05CB424E27AD377100B9860D /* Products */,
			);
			sourceTree = "<group>";
		};
		05CB424E27AD377100B9860D /* Products */ = {
			isa = PBXGroup;
			children = (
				05CB424D27AD377100B9860D /* Clarity Therapy.app */,
				05CB425D27AD377200B9860D /* Clarity TherapyTests.xctest */,
				05CB426727AD377200B9860D /* Clarity TherapyUITests.xctest */,
			);
			name = Products;
			sourceTree = "<group>";
		};
		05CB424F27AD377100B9860D /* Clarity Therapy */ = {
			isa = PBXGroup;
			children = (
				05CB425027AD377100B9860D /* Clarity_TherapyApp.swift */,
				05A2335227E6333F00C2887D /* AppView.swift */,
				056DD100280F46F200075A53 /* TherapistApp */,
				058DD56827EDE72600D47F5C /* Book Group */,
				052273ED280B518700581B62 /* ViewModel */,
				052273EA280B516800581B62 /* Models */,
				05CB425427AD377200B9860D /* Assets.xcassets */,
				051A18DE27C0FCE80040C82A /* Styles.swift */,
				0561B02C28048DDD001519F9 /* Cryptography funcs.swift */,
				058DD56927EDE76700D47F5C /* Crypto */,
				05CB425627AD377200B9860D /* Preview Content */,
			);
			path = "Clarity Therapy";
			sourceTree = "<group>";
		};
		05CB425627AD377200B9860D /* Preview Content */ = {
			isa = PBXGroup;
			children = (
				05CB425727AD377200B9860D /* Preview Assets.xcassets */,
			);
			path = "Preview Content";
			sourceTree = "<group>";
		};
		05CB426027AD377200B9860D /* Clarity TherapyTests */ = {
			isa = PBXGroup;
			children = (
				05CB426127AD377200B9860D /* Clarity_TherapyTests.swift */,
			);
			path = "Clarity TherapyTests";
			sourceTree = "<group>";
		};
		05CB426A27AD377200B9860D /* Clarity TherapyUITests */ = {
			isa = PBXGroup;
			children = (
				05CB426B27AD377200B9860D /* Clarity_TherapyUITests.swift */,
				05CB426D27AD377200B9860D /* Clarity_TherapyUITestsLaunchTests.swift */,
			);
			path = "Clarity TherapyUITests";
			sourceTree = "<group>";
		};
/* End PBXGroup section */

/* Begin PBXNativeTarget section */
		05CB424C27AD377100B9860D /* Clarity Therapy */ = {
			isa = PBXNativeTarget;
			buildConfigurationList = 05CB427127AD377200B9860D /* Build configuration list for PBXNativeTarget "Clarity Therapy" */;
			buildPhases = (
				05CB424927AD377100B9860D /* Sources */,
				05CB424A27AD377100B9860D /* Frameworks */,
				05CB424B27AD377100B9860D /* Resources */,
			);
			buildRules = (
			);
			dependencies = (
			);
			name = "Clarity Therapy";
			productName = "Clarity Therapy";
			productReference = 05CB424D27AD377100B9860D /* Clarity Therapy.app */;
			productType = "com.apple.product-type.application";
		};
		05CB425C27AD377200B9860D /* Clarity TherapyTests */ = {
			isa = PBXNativeTarget;
			buildConfigurationList = 05CB427427AD377200B9860D /* Build configuration list for PBXNativeTarget "Clarity TherapyTests" */;
			buildPhases = (
				05CB425927AD377200B9860D /* Sources */,
				05CB425A27AD377200B9860D /* Frameworks */,
				05CB425B27AD377200B9860D /* Resources */,
			);
			buildRules = (
			);
			dependencies = (
				05CB425F27AD377200B9860D /* PBXTargetDependency */,
			);
			name = "Clarity TherapyTests";
			productName = "Clarity TherapyTests";
			productReference = 05CB425D27AD377200B9860D /* Clarity TherapyTests.xctest */;
			productType = "com.apple.product-type.bundle.unit-test";
		};
		05CB426627AD377200B9860D /* Clarity TherapyUITests */ = {
			isa = PBXNativeTarget;
			buildConfigurationList = 05CB427727AD377200B9860D /* Build configuration list for PBXNativeTarget "Clarity TherapyUITests" */;
			buildPhases = (
				05CB426327AD377200B9860D /* Sources */,
				05CB426427AD377200B9860D /* Frameworks */,
				05CB426527AD377200B9860D /* Resources */,
			);
			buildRules = (
			);
			dependencies = (
				05CB426927AD377200B9860D /* PBXTargetDependency */,
			);
			name = "Clarity TherapyUITests";
			productName = "Clarity TherapyUITests";
			productReference = 05CB426727AD377200B9860D /* Clarity TherapyUITests.xctest */;
			productType = "com.apple.product-type.bundle.ui-testing";
		};
/* End PBXNativeTarget section */

/* Begin PBXProject section */
		05CB424527AD377100B9860D /* Project object */ = {
			isa = PBXProject;
			attributes = {
				BuildIndependentTargetsInParallel = 1;
				LastSwiftUpdateCheck = 1320;
				LastUpgradeCheck = 1320;
				TargetAttributes = {
					05CB424C27AD377100B9860D = {
						CreatedOnToolsVersion = 13.2.1;
					};
					05CB425C27AD377200B9860D = {
						CreatedOnToolsVersion = 13.2.1;
						TestTargetID = 05CB424C27AD377100B9860D;
					};
					05CB426627AD377200B9860D = {
						CreatedOnToolsVersion = 13.2.1;
						TestTargetID = 05CB424C27AD377100B9860D;
					};
				};
			};
			buildConfigurationList = 05CB424827AD377100B9860D /* Build configuration list for PBXProject "Clarity Therapy" */;
			compatibilityVersion = "Xcode 13.0";
			developmentRegion = en;
			hasScannedForEncodings = 0;
			knownRegions = (
				en,
				Base,
			);
			mainGroup = 05CB424427AD377100B9860D;
			productRefGroup = 05CB424E27AD377100B9860D /* Products */;
			projectDirPath = "";
			projectRoot = "";
			targets = (
				05CB424C27AD377100B9860D /* Clarity Therapy */,
				05CB425C27AD377200B9860D /* Clarity TherapyTests */,
				05CB426627AD377200B9860D /* Clarity TherapyUITests */,
			);
		};
/* End PBXProject section */

/* Begin PBXResourcesBuildPhase section */
		05CB424B27AD377100B9860D /* Resources */ = {
			isa = PBXResourcesBuildPhase;
			buildActionMask = 2147483647;
			files = (
				05CB425827AD377200B9860D /* Preview Assets.xcassets in Resources */,
				05CB425527AD377200B9860D /* Assets.xcassets in Resources */,
			);
			runOnlyForDeploymentPostprocessing = 0;
		};
		05CB425B27AD377200B9860D /* Resources */ = {
			isa = PBXResourcesBuildPhase;
			buildActionMask = 2147483647;
			files = (
			);
			runOnlyForDeploymentPostprocessing = 0;
		};
		05CB426527AD377200B9860D /* Resources */ = {
			isa = PBXResourcesBuildPhase;
			buildActionMask = 2147483647;
			files = (
			);
			runOnlyForDeploymentPostprocessing = 0;
		};
/* End PBXResourcesBuildPhase section */

/* Begin PBXSourcesBuildPhase section */
		05CB424927AD377100B9860D /* Sources */ = {
			isa = PBXSourcesBuildPhase;
			buildActionMask = 2147483647;
			files = (
				05CB425327AD377100B9860D /* ClinicView.swift in Sources */,
				052273E9280B514600581B62 /* AppointmentModel.swift in Sources */,
				052273EC280B517F00581B62 /* AppointmentVM.swift in Sources */,
				05A5A6A227FA3649002DE91B /* TherapistView.swift in Sources */,
				052273E5280B510500581B62 /* TherapistModel.swift in Sources */,
				052273E7280B512400581B62 /* MyUserModel.swift in Sources */,
				052273EF280B536800581B62 /* TherapistsListVM.swift in Sources */,
				058DD56527ED1C8C00D47F5C /* DetailView.swift in Sources */,
				05CB425127AD377100B9860D /* Clarity_TherapyApp.swift in Sources */,
				05CB427B27AE914600B9860D /* TherapistCardView.swift in Sources */,
				0561B02D28048DDD001519F9 /* Cryptography funcs.swift in Sources */,
				051A18DF27C0FCE80040C82A /* Styles.swift in Sources */,
				05A2335327E6333F00C2887D /* AppView.swift in Sources */,
				051A18DB27BBC7C50040C82A /* nameSensitive.swift in Sources */,
				058DD56727EDDF0300D47F5C /* ConfirmAppointmentView.swift in Sources */,
				056DD102280F47CC00075A53 /* ClientCard.swift in Sources */,
				052273F3280B53A800581B62 /* MyUserTherapistVM - TherapistApp.swift in Sources */,
				051A18DD27BFA7D50040C82A /* DetailClinicView.swift in Sources */,
				052273F1280B537D00581B62 /* MyUserClientVM.swift in Sources */,
				05A5A6A027F64CEC002DE91B /* testing.swift in Sources */,
				057E3ABB27C418EE00D73976 /* Cryptography.swift in Sources */,
			);
			runOnlyForDeploymentPostprocessing = 0;
		};
		05CB425927AD377200B9860D /* Sources */ = {
			isa = PBXSourcesBuildPhase;
			buildActionMask = 2147483647;
			files = (
				05CB426227AD377200B9860D /* Clarity_TherapyTests.swift in Sources */,
			);
			runOnlyForDeploymentPostprocessing = 0;
		};
		05CB426327AD377200B9860D /* Sources */ = {
			isa = PBXSourcesBuildPhase;
			buildActionMask = 2147483647;
			files = (
				05CB426C27AD377200B9860D /* Clarity_TherapyUITests.swift in Sources */,
				05CB426E27AD377200B9860D /* Clarity_TherapyUITestsLaunchTests.swift in Sources */,
			);
			runOnlyForDeploymentPostprocessing = 0;
		};
/* End PBXSourcesBuildPhase section */

/* Begin PBXTargetDependency section */
		05CB425F27AD377200B9860D /* PBXTargetDependency */ = {
			isa = PBXTargetDependency;
			target = 05CB424C27AD377100B9860D /* Clarity Therapy */;
			targetProxy = 05CB425E27AD377200B9860D /* PBXContainerItemProxy */;
		};
		05CB426927AD377200B9860D /* PBXTargetDependency */ = {
			isa = PBXTargetDependency;
			target = 05CB424C27AD377100B9860D /* Clarity Therapy */;
			targetProxy = 05CB426827AD377200B9860D /* PBXContainerItemProxy */;
		};
/* End PBXTargetDependency section */

/* Begin XCBuildConfiguration section */
		05CB426F27AD377200B9860D /* Debug */ = {
			isa = XCBuildConfiguration;
			buildSettings = {
				ALWAYS_SEARCH_USER_PATHS = NO;
				CLANG_ANALYZER_NONNULL = YES;
				CLANG_ANALYZER_NUMBER_OBJECT_CONVERSION = YES_AGGRESSIVE;
				CLANG_CXX_LANGUAGE_STANDARD = "gnu++17";
				CLANG_CXX_LIBRARY = "libc++";
				CLANG_ENABLE_MODULES = YES;
				CLANG_ENABLE_OBJC_ARC = YES;
				CLANG_ENABLE_OBJC_WEAK = YES;
				CLANG_WARN_BLOCK_CAPTURE_AUTORELEASING = YES;
				CLANG_WARN_BOOL_CONVERSION = YES;
				CLANG_WARN_COMMA = YES;
				CLANG_WARN_CONSTANT_CONVERSION = YES;
				CLANG_WARN_DEPRECATED_OBJC_IMPLEMENTATIONS = YES;
				CLANG_WARN_DIRECT_OBJC_ISA_USAGE = YES_ERROR;
				CLANG_WARN_DOCUMENTATION_COMMENTS = YES;
				CLANG_WARN_EMPTY_BODY = YES;
				CLANG_WARN_ENUM_CONVERSION = YES;
				CLANG_WARN_INFINITE_RECURSION = YES;
				CLANG_WARN_INT_CONVERSION = YES;
				CLANG_WARN_NON_LITERAL_NULL_CONVERSION = YES;
				CLANG_WARN_OBJC_IMPLICIT_RETAIN_SELF = YES;
				CLANG_WARN_OBJC_LITERAL_CONVERSION = YES;
				CLANG_WARN_OBJC_ROOT_CLASS = YES_ERROR;
				CLANG_WARN_QUOTED_INCLUDE_IN_FRAMEWORK_HEADER = YES;
				CLANG_WARN_RANGE_LOOP_ANALYSIS = YES;
				CLANG_WARN_STRICT_PROTOTYPES = YES;
				CLANG_WARN_SUSPICIOUS_MOVE = YES;
				CLANG_WARN_UNGUARDED_AVAILABILITY = YES_AGGRESSIVE;
				CLANG_WARN_UNREACHABLE_CODE = YES;
				CLANG_WARN__DUPLICATE_METHOD_MATCH = YES;
				COPY_PHASE_STRIP = NO;
				DEBUG_INFORMATION_FORMAT = dwarf;
				ENABLE_STRICT_OBJC_MSGSEND = YES;
				ENABLE_TESTABILITY = YES;
				GCC_C_LANGUAGE_STANDARD = gnu11;
				GCC_DYNAMIC_NO_PIC = NO;
				GCC_NO_COMMON_BLOCKS = YES;
				GCC_OPTIMIZATION_LEVEL = 0;
				GCC_PREPROCESSOR_DEFINITIONS = (
					"DEBUG=1",
					"$(inherited)",
				);
				GCC_WARN_64_TO_32_BIT_CONVERSION = YES;
				GCC_WARN_ABOUT_RETURN_TYPE = YES_ERROR;
				GCC_WARN_UNDECLARED_SELECTOR = YES;
				GCC_WARN_UNINITIALIZED_AUTOS = YES_AGGRESSIVE;
				GCC_WARN_UNUSED_FUNCTION = YES;
				GCC_WARN_UNUSED_VARIABLE = YES;
				IPHONEOS_DEPLOYMENT_TARGET = 15.2;
				MTL_ENABLE_DEBUG_INFO = INCLUDE_SOURCE;
				MTL_FAST_MATH = YES;
				ONLY_ACTIVE_ARCH = YES;
				SDKROOT = iphoneos;
				SWIFT_ACTIVE_COMPILATION_CONDITIONS = DEBUG;
				SWIFT_OPTIMIZATION_LEVEL = "-Onone";
			};
			name = Debug;
		};
		05CB427027AD377200B9860D /* Release */ = {
			isa = XCBuildConfiguration;
			buildSettings = {
				ALWAYS_SEARCH_USER_PATHS = NO;
				CLANG_ANALYZER_NONNULL = YES;
				CLANG_ANALYZER_NUMBER_OBJECT_CONVERSION = YES_AGGRESSIVE;
				CLANG_CXX_LANGUAGE_STANDARD = "gnu++17";
				CLANG_CXX_LIBRARY = "libc++";
				CLANG_ENABLE_MODULES = YES;
				CLANG_ENABLE_OBJC_ARC = YES;
				CLANG_ENABLE_OBJC_WEAK = YES;
				CLANG_WARN_BLOCK_CAPTURE_AUTORELEASING = YES;
				CLANG_WARN_BOOL_CONVERSION = YES;
				CLANG_WARN_COMMA = YES;
				CLANG_WARN_CONSTANT_CONVERSION = YES;
				CLANG_WARN_DEPRECATED_OBJC_IMPLEMENTATIONS = YES;
				CLANG_WARN_DIRECT_OBJC_ISA_USAGE = YES_ERROR;
				CLANG_WARN_DOCUMENTATION_COMMENTS = YES;
				CLANG_WARN_EMPTY_BODY = YES;
				CLANG_WARN_ENUM_CONVERSION = YES;
				CLANG_WARN_INFINITE_RECURSION = YES;
				CLANG_WARN_INT_CONVERSION = YES;
				CLANG_WARN_NON_LITERAL_NULL_CONVERSION = YES;
				CLANG_WARN_OBJC_IMPLICIT_RETAIN_SELF = YES;
				CLANG_WARN_OBJC_LITERAL_CONVERSION = YES;
				CLANG_WARN_OBJC_ROOT_CLASS = YES_ERROR;
				CLANG_WARN_QUOTED_INCLUDE_IN_FRAMEWORK_HEADER = YES;
				CLANG_WARN_RANGE_LOOP_ANALYSIS = YES;
				CLANG_WARN_STRICT_PROTOTYPES = YES;
				CLANG_WARN_SUSPICIOUS_MOVE = YES;
				CLANG_WARN_UNGUARDED_AVAILABILITY = YES_AGGRESSIVE;
				CLANG_WARN_UNREACHABLE_CODE = YES;
				CLANG_WARN__DUPLICATE_METHOD_MATCH = YES;
				COPY_PHASE_STRIP = NO;
				DEBUG_INFORMATION_FORMAT = "dwarf-with-dsym";
				ENABLE_NS_ASSERTIONS = NO;
				ENABLE_STRICT_OBJC_MSGSEND = YES;
				GCC_C_LANGUAGE_STANDARD = gnu11;
				GCC_NO_COMMON_BLOCKS = YES;
				GCC_WARN_64_TO_32_BIT_CONVERSION = YES;
				GCC_WARN_ABOUT_RETURN_TYPE = YES_ERROR;
				GCC_WARN_UNDECLARED_SELECTOR = YES;
				GCC_WARN_UNINITIALIZED_AUTOS = YES_AGGRESSIVE;
				GCC_WARN_UNUSED_FUNCTION = YES;
				GCC_WARN_UNUSED_VARIABLE = YES;
				IPHONEOS_DEPLOYMENT_TARGET = 15.2;
				MTL_ENABLE_DEBUG_INFO = NO;
				MTL_FAST_MATH = YES;
				SDKROOT = iphoneos;
				SWIFT_COMPILATION_MODE = wholemodule;
				SWIFT_OPTIMIZATION_LEVEL = "-O";
				VALIDATE_PRODUCT = YES;
			};
			name = Release;
		};
		05CB427227AD377200B9860D /* Debug */ = {
			isa = XCBuildConfiguration;
			buildSettings = {
				ASSETCATALOG_COMPILER_APPICON_NAME = AppIcon;
				ASSETCATALOG_COMPILER_GLOBAL_ACCENT_COLOR_NAME = AccentColor;
				CODE_SIGN_STYLE = Automatic;
				CURRENT_PROJECT_VERSION = 1;
				DEVELOPMENT_ASSET_PATHS = "\"Clarity Therapy/Preview Content\"";
				DEVELOPMENT_TEAM = AB7R2N64ZN;
				ENABLE_PREVIEWS = YES;
				GENERATE_INFOPLIST_FILE = YES;
				INFOPLIST_KEY_UIApplicationSceneManifest_Generation = YES;
				INFOPLIST_KEY_UIApplicationSupportsIndirectInputEvents = YES;
				INFOPLIST_KEY_UILaunchScreen_Generation = YES;
				INFOPLIST_KEY_UISupportedInterfaceOrientations_iPad = "UIInterfaceOrientationPortrait UIInterfaceOrientationPortraitUpsideDown UIInterfaceOrientationLandscapeLeft UIInterfaceOrientationLandscapeRight";
				INFOPLIST_KEY_UISupportedInterfaceOrientations_iPhone = "UIInterfaceOrientationPortrait UIInterfaceOrientationLandscapeLeft UIInterfaceOrientationLandscapeRight";
				LD_RUNPATH_SEARCH_PATHS = (
					"$(inherited)",
					"@executable_path/Frameworks",
				);
				MARKETING_VERSION = 1.0;
				PRODUCT_BUNDLE_IDENTIFIER = "Clarity.Clarity-Therapy";
				PRODUCT_NAME = "$(TARGET_NAME)";
				SWIFT_EMIT_LOC_STRINGS = YES;
				SWIFT_VERSION = 5.0;
				TARGETED_DEVICE_FAMILY = "1,2";
			};
			name = Debug;
		};
		05CB427327AD377200B9860D /* Release */ = {
			isa = XCBuildConfiguration;
			buildSettings = {
				ASSETCATALOG_COMPILER_APPICON_NAME = AppIcon;
				ASSETCATALOG_COMPILER_GLOBAL_ACCENT_COLOR_NAME = AccentColor;
				CODE_SIGN_STYLE = Automatic;
				CURRENT_PROJECT_VERSION = 1;
				DEVELOPMENT_ASSET_PATHS = "\"Clarity Therapy/Preview Content\"";
				DEVELOPMENT_TEAM = AB7R2N64ZN;
				ENABLE_PREVIEWS = YES;
				GENERATE_INFOPLIST_FILE = YES;
				INFOPLIST_KEY_UIApplicationSceneManifest_Generation = YES;
				INFOPLIST_KEY_UIApplicationSupportsIndirectInputEvents = YES;
				INFOPLIST_KEY_UILaunchScreen_Generation = YES;
				INFOPLIST_KEY_UISupportedInterfaceOrientations_iPad = "UIInterfaceOrientationPortrait UIInterfaceOrientationPortraitUpsideDown UIInterfaceOrientationLandscapeLeft UIInterfaceOrientationLandscapeRight";
				INFOPLIST_KEY_UISupportedInterfaceOrientations_iPhone = "UIInterfaceOrientationPortrait UIInterfaceOrientationLandscapeLeft UIInterfaceOrientationLandscapeRight";
				LD_RUNPATH_SEARCH_PATHS = (
					"$(inherited)",
					"@executable_path/Frameworks",
				);
				MARKETING_VERSION = 1.0;
				PRODUCT_BUNDLE_IDENTIFIER = "Clarity.Clarity-Therapy";
				PRODUCT_NAME = "$(TARGET_NAME)";
				SWIFT_EMIT_LOC_STRINGS = YES;
				SWIFT_VERSION = 5.0;
				TARGETED_DEVICE_FAMILY = "1,2";
			};
			name = Release;
		};
		05CB427527AD377200B9860D /* Debug */ = {
			isa = XCBuildConfiguration;
			buildSettings = {
				ALWAYS_EMBED_SWIFT_STANDARD_LIBRARIES = YES;
				BUNDLE_LOADER = "$(TEST_HOST)";
				CODE_SIGN_STYLE = Automatic;
				CURRENT_PROJECT_VERSION = 1;
				DEVELOPMENT_TEAM = AB7R2N64ZN;
				GENERATE_INFOPLIST_FILE = YES;
				IPHONEOS_DEPLOYMENT_TARGET = 15.2;
				MARKETING_VERSION = 1.0;
				PRODUCT_BUNDLE_IDENTIFIER = "Clarity.Clarity-TherapyTests";
				PRODUCT_NAME = "$(TARGET_NAME)";
				SWIFT_EMIT_LOC_STRINGS = NO;
				SWIFT_VERSION = 5.0;
				TARGETED_DEVICE_FAMILY = "1,2";
				TEST_HOST = "$(BUILT_PRODUCTS_DIR)/Clarity Therapy.app/Clarity Therapy";
			};
			name = Debug;
		};
		05CB427627AD377200B9860D /* Release */ = {
			isa = XCBuildConfiguration;
			buildSettings = {
				ALWAYS_EMBED_SWIFT_STANDARD_LIBRARIES = YES;
				BUNDLE_LOADER = "$(TEST_HOST)";
				CODE_SIGN_STYLE = Automatic;
				CURRENT_PROJECT_VERSION = 1;
				DEVELOPMENT_TEAM = AB7R2N64ZN;
				GENERATE_INFOPLIST_FILE = YES;
				IPHONEOS_DEPLOYMENT_TARGET = 15.2;
				MARKETING_VERSION = 1.0;
				PRODUCT_BUNDLE_IDENTIFIER = "Clarity.Clarity-TherapyTests";
				PRODUCT_NAME = "$(TARGET_NAME)";
				SWIFT_EMIT_LOC_STRINGS = NO;
				SWIFT_VERSION = 5.0;
				TARGETED_DEVICE_FAMILY = "1,2";
				TEST_HOST = "$(BUILT_PRODUCTS_DIR)/Clarity Therapy.app/Clarity Therapy";
			};
			name = Release;
		};
		05CB427827AD377200B9860D /* Debug */ = {
			isa = XCBuildConfiguration;
			buildSettings = {
				ALWAYS_EMBED_SWIFT_STANDARD_LIBRARIES = YES;
				CODE_SIGN_STYLE = Automatic;
				CURRENT_PROJECT_VERSION = 1;
				DEVELOPMENT_TEAM = AB7R2N64ZN;
				GENERATE_INFOPLIST_FILE = YES;
				MARKETING_VERSION = 1.0;
				PRODUCT_BUNDLE_IDENTIFIER = "Clarity.Clarity-TherapyUITests";
				PRODUCT_NAME = "$(TARGET_NAME)";
				SWIFT_EMIT_LOC_STRINGS = NO;
				SWIFT_VERSION = 5.0;
				TARGETED_DEVICE_FAMILY = "1,2";
				TEST_TARGET_NAME = "Clarity Therapy";
			};
			name = Debug;
		};
		05CB427927AD377200B9860D /* Release */ = {
			isa = XCBuildConfiguration;
			buildSettings = {
				ALWAYS_EMBED_SWIFT_STANDARD_LIBRARIES = YES;
				CODE_SIGN_STYLE = Automatic;
				CURRENT_PROJECT_VERSION = 1;
				DEVELOPMENT_TEAM = AB7R2N64ZN;
				GENERATE_INFOPLIST_FILE = YES;
				MARKETING_VERSION = 1.0;
				PRODUCT_BUNDLE_IDENTIFIER = "Clarity.Clarity-TherapyUITests";
				PRODUCT_NAME = "$(TARGET_NAME)";
				SWIFT_EMIT_LOC_STRINGS = NO;
				SWIFT_VERSION = 5.0;
				TARGETED_DEVICE_FAMILY = "1,2";
				TEST_TARGET_NAME = "Clarity Therapy";
			};
			name = Release;
		};
/* End XCBuildConfiguration section */

/* Begin XCConfigurationList section */
		05CB424827AD377100B9860D /* Build configuration list for PBXProject "Clarity Therapy" */ = {
			isa = XCConfigurationList;
			buildConfigurations = (
				05CB426F27AD377200B9860D /* Debug */,
				05CB427027AD377200B9860D /* Release */,
			);
			defaultConfigurationIsVisible = 0;
			defaultConfigurationName = Release;
		};
		05CB427127AD377200B9860D /* Build configuration list for PBXNativeTarget "Clarity Therapy" */ = {
			isa = XCConfigurationList;
			buildConfigurations = (
				05CB427227AD377200B9860D /* Debug */,
				05CB427327AD377200B9860D /* Release */,
			);
			defaultConfigurationIsVisible = 0;
			defaultConfigurationName = Release;
		};
		05CB427427AD377200B9860D /* Build configuration list for PBXNativeTarget "Clarity TherapyTests" */ = {
			isa = XCConfigurationList;
			buildConfigurations = (
				05CB427527AD377200B9860D /* Debug */,
				05CB427627AD377200B9860D /* Release */,
			);
			defaultConfigurationIsVisible = 0;
			defaultConfigurationName = Release;
		};
		05CB427727AD377200B9860D /* Build configuration list for PBXNativeTarget "Clarity TherapyUITests" */ = {
			isa = XCConfigurationList;
			buildConfigurations = (
				05CB427827AD377200B9860D /* Debug */,
				05CB427927AD377200B9860D /* Release */,
			);
			defaultConfigurationIsVisible = 0;
			defaultConfigurationName = Release;
		};
/* End XCConfigurationList section */
	};
	rootObject = 05CB424527AD377100B9860D /* Project object */;
}
